
Microsoft Visual Studio Solution File, Format Version 12.00
# Visual Studio Version 16
VisualStudioVersion = 16.0.32413.511
MinimumVisualStudioVersion = 10.0.40219.1
Project("{9A19103F-16F7-4668-BE54-9A1E7A4F7556}") = "eTicket", "eTicket\eTicket.csproj", "{EFD1D092-B104-4ABB-B32F-0562EE528421}"
EndProject
Project("{9A19103F-16F7-4668-BE54-9A1E7A4F7556}") = "eTicketTest", "eTicketTest\eTicketTest.csproj", "{F947B5E2-AA2B-405D-8F5F-65B6EF98CD28}"
EndProject
Global
	GlobalSection(SolutionConfigurationPlatforms) = preSolution
		Debug|Any CPU = Debug|Any CPU
		Release|Any CPU = Release|Any CPU
	EndGlobalSection
	GlobalSection(ProjectConfigurationPlatforms) = postSolution
		{EFD1D092-B104-4ABB-B32F-0562EE528421}.Debug|Any CPU.ActiveCfg = Debug|Any CPU
		{EFD1D092-B104-4ABB-B32F-0562EE528421}.Debug|Any CPU.Build.0 = Debug|Any CPU
		{EFD1D092-B104-4ABB-B32F-0562EE528421}.Release|Any CPU.ActiveCfg = Release|Any CPU
		{EFD1D092-B104-4ABB-B32F-0562EE528421}.Release|Any CPU.Build.0 = Release|Any CPU
		{F947B5E2-AA2B-405D-8F5F-65B6EF98CD28}.Debug|Any CPU.ActiveCfg = Debug|Any CPU
		{F947B5E2-AA2B-405D-8F5F-65B6EF98CD28}.Debug|Any CPU.Build.0 = Debug|Any CPU
		{F947B5E2-AA2B-405D-8F5F-65B6EF98CD28}.Release|Any CPU.ActiveCfg = Release|Any CPU
		{F947B5E2-AA2B-405D-8F5F-65B6EF98CD28}.Release|Any CPU.Build.0 = Release|Any CPU
	EndGlobalSection
	GlobalSection(SolutionProperties) = preSolution
		HideSolutionNode = FALSE
	EndGlobalSection
	GlobalSection(ExtensibilityGlobals) = postSolution
		SolutionGuid = {EB211882-5A4B-4BC7-AF63-00771420B557}
	EndGlobalSection
EndGlobal
